{
  "name": "flight_leanft_framework",
  "version": "1.0.0",
  "lockfileVersion": 3,
  "requires": true,
  "packages": {
    "": {
      "name": "flight_leanft_framework",
      "version": "1.0.0",
      "license": "ISC",
      "dependencies": {
        "fast-xml-parser": "^5.8.0",
        "leanft": "^14.3.396",
        "xlsx": "^0.18.5"
      }
    },
    "node_modules/@nodable/entities": {
      "version": "2.1.0",
      "resolved": "https://registry.npmjs.org/@nodable/entities/-/entities-2.1.0.tgz",
      "integrity": "sha512-nyT7T3nbMyBI/lvr6L5TyWbFJAI9FTgVRakNoBqCD+PmID8DzFrrNdLLtHMwMszOtqZa8PAOV24ZqDnQrhQINA==",
      "funding": [
        {
          "type": "github",
          "url": "https://github.com/sponsors/nodable"
        }
      ]
    },
    "node_modules/adler-32": {
      "version": "1.3.1",
      "resolved": "https://registry.npmjs.org/adler-32/-/adler-32-1.3.1.tgz",
      "integrity": "sha512-ynZ4w/nUUv5rrsR8UUGoe1VC9hZj6V5hU9Qw1HlMDJGEJw5S7TfTErWTjMys6M7vr0YWcPqs3qAr4ss0nDfP+A==",
      "engines": {
        "node": ">=0.8"
      }
    },
    "node_modules/adm-zip": {
      "version": "0.4.7",
      "resolved": "https://registry.npmjs.org/adm-zip/-/adm-zip-0.4.7.tgz",
      "integrity": "sha512-QHVQ6ekddFaGr9r2hBUC4gPw2wLqMZioXojt9BydQPbSh8us7+Q5xcUCUq+hnh4zAdauV3wqoY0quApjKqrhbA==",
      "engines": {
        "node": ">=0.3.0"
      }
    },
    "node_modules/ansi-regex": {
      "version": "2.1.1",
      "resolved": "https://registry.npmjs.org/ansi-regex/-/ansi-regex-2.1.1.tgz",
      "integrity": "sha512-TIGnTpdo+E3+pCyAluZvtED5p5wCqLdezCyhPZzKPcxvFplEt4i+W7OONCKgeZFT3+y5NZZfOOS/Bdcanm1MYA==",
      "engines": {
        "node": ">=0.10.0"
      }
    },
    "node_modules/async": {
      "version": "1.5.2",
      "resolved": "https://registry.npmjs.org/async/-/async-1.5.2.tgz",
      "integrity": "sha512-nSVgobk4rv61R9PUSDtYt7mPVB2olxNR5RWJcAsH676/ef11bUZwvu7+RGYrYauVdDPcO519v68wRhXQtxsV9w=="
    },
    "node_modules/camelcase": {
      "version": "2.1.1",
      "resolved": "https://registry.npmjs.org/camelcase/-/camelcase-2.1.1.tgz",
      "integrity": "sha512-DLIsRzJVBQu72meAKPkWQOLcujdXT32hwdfnkI1frSiSRMK1MofjKHf+MEx0SB6fjEFXL8fBDv1dKymBlOp4Qw==",
      "engines": {
        "node": ">=0.10.0"
      }
    },
    "node_modules/cfb": {
      "version": "1.2.2",
      "resolved": "https://registry.npmjs.org/cfb/-/cfb-1.2.2.tgz",
      "integrity": "sha512-KfdUZsSOw19/ObEWasvBP/Ac4reZvAGauZhs6S/gqNhXhI7cKwvlH7ulj+dOEYnca4bm4SGo8C1bTAQvnTjgQA==",
      "dependencies": {
        "adler-32": "~1.3.0",
        "crc-32": "~1.2.0"
      },
      "engines": {
        "node": ">=0.8"
      }
    },
    "node_modules/cliui": {
      "version": "3.2.0",
      "resolved": "https://registry.npmjs.org/cliui/-/cliui-3.2.0.tgz",
      "integrity": "sha512-0yayqDxWQbqk3ojkYqUKqaAQ6AfNKeKWRNA8kR0WXzAsdHpP4BIaOmMAG87JGuO6qcobyW4GjxHd9PmhEd+T9w==",
      "dependencies": {
        "string-width": "^1.0.1",
        "strip-ansi": "^3.0.1",
        "wrap-ansi": "^2.0.0"
      }
    },
    "node_modules/code-point-at": {
      "version": "1.1.0",
      "resolved": "https://registry.npmjs.org/code-point-at/-/code-point-at-1.1.0.tgz",
      "integrity": "sha512-RpAVKQA5T63xEj6/giIbUEtZwJ4UFIc3ZtvEkiaUERylqe8xb5IvqcgOurZLahv93CLKfxcw5YI+DZcUBRyLXA==",
      "engines": {
        "node": ">=0.10.0"
      }
    },
    "node_modules/codepage": {
      "version": "1.15.0",
      "resolved": "https://registry.npmjs.org/codepage/-/codepage-1.15.0.tgz",
      "integrity": "sha512-3g6NUTPd/YtuuGrhMnOMRjFc+LJw/bnMp3+0r/Wcz3IXUuCosKRJvMphm5+Q+bvTVGcJJuRvVLuYba+WojaFaA==",
      "engines": {
        "node": ">=0.8"
      }
    },
    "node_modules/crc-32": {
      "version": "1.2.2",
      "resolved": "https://registry.npmjs.org/crc-32/-/crc-32-1.2.2.tgz",
      "integrity": "sha512-ROmzCKrTnOwybPcJApAA6WBWij23HVfGVNKqqrZpuyZOHqK2CwHSvpGuyt/UNNvaIjEd8X5IFGp4Mh+Ie1IHJQ==",
      "bin": {
        "crc32": "bin/crc32.njs"
      },
      "engines": {
        "node": ">=0.8"
      }
    },
    "node_modules/decamelize": {
      "version": "1.2.0",
      "resolved": "https://registry.npmjs.org/decamelize/-/decamelize-1.2.0.tgz",
      "integrity": "sha512-z2S+W9X73hAUUki+N+9Za2lBlun89zigOyGrsax+KUQ6wKW4ZoWpEYBkGhQjwAjjDCkWxhY0VKEhk8wzY7F5cA==",
      "engines": {
        "node": ">=0.10.0"
      }
    },
    "node_modules/expectations": {
      "version": "0.6.0",
      "resolved": "https://registry.npmjs.org/expectations/-/expectations-0.6.0.tgz",
      "integrity": "sha512-qZHt/wfR+kYbFb2wz3oMKSlF+ejVKGyYnMr0KoWLRWwrLca4vketn/RolrD1bV89Ih3HeiGQxVRaiIrAIBXjhg==",
      "engines": {
        "node": ">=0.10"
      }
    },
    "node_modules/fast-xml-builder": {
      "version": "1.2.0",
      "resolved": "https://registry.npmjs.org/fast-xml-builder/-/fast-xml-builder-1.2.0.tgz",
      "integrity": "sha512-00aAWieqff+ZJhsXA4g1g7M8k+7AYoMUUHF+/zFb5U6Uv/P0Vl4QZo84/IcufzYalLuEj9928bXN9PbbFzMF0Q==",
      "funding": [
        {
          "type": "github",
          "url": "https://github.com/sponsors/NaturalIntelligence"
        }
      ],
      "dependencies": {
        "path-expression-matcher": "^1.5.0",
        "xml-naming": "^0.1.0"
      }
    },
    "node_modules/fast-xml-parser": {
      "version": "5.8.0",
      "resolved": "https://registry.npmjs.org/fast-xml-parser/-/fast-xml-parser-5.8.0.tgz",
      "integrity": "sha512-6bIM7fsJxeo3uXv7OncQYsBAMPJ7V16Slahl/6M98C/i2q+vB1+4a0MtrvYwDFEUrwDSbAmeLDRXsOBwrL7yAg==",
      "funding": [
        {
          "type": "github",
          "url": "https://github.com/sponsors/NaturalIntelligence"
        }
      ],
      "dependencies": {
        "@nodable/entities": "^2.1.0",
        "fast-xml-builder": "^1.2.0",
        "path-expression-matcher": "^1.5.0",
        "strnum": "^2.3.0",
        "xml-naming": "^0.1.0"
      },
      "bin": {
        "fxparser": "src/cli/cli.js"
      }
    },
    "node_modules/frac": {
      "version": "1.1.2",
      "resolved": "https://registry.npmjs.org/frac/-/frac-1.1.2.tgz",
      "integrity": "sha512-w/XBfkibaTl3YDqASwfDUqkna4Z2p9cFSr1aHDt0WoMTECnRfBOv2WArlZILlqgWlmdIlALXGpM2AOhEk5W3IA==",
      "engines": {
        "node": ">=0.8"
      }
    },
    "node_modules/ini": {
      "version": "1.3.8",
      "resolved": "https://registry.npmjs.org/ini/-/ini-1.3.8.tgz",
      "integrity": "sha512-JV/yugV2uzW5iMRSiZAyDtQd+nxtUnjeLt0acNdw98kKLrvuRVyB80tsREOE7yvGVgalhZ6RNXCmEHkUKBKxew=="
    },
    "node_modules/invert-kv": {
      "version": "1.0.0",
      "resolved": "https://registry.npmjs.org/invert-kv/-/invert-kv-1.0.0.tgz",
      "integrity": "sha512-xgs2NH9AE66ucSq4cNG1nhSFghr5l6tdL15Pk+jl46bmmBapgoaY/AacXyaDznAqmGL99TiLSQgO/XazFSKYeQ==",
      "engines": {
        "node": ">=0.10.0"
      }
    },
    "node_modules/is-fullwidth-code-point": {
      "version": "1.0.0",
      "resolved": "https://registry.npmjs.org/is-fullwidth-code-point/-/is-fullwidth-code-point-1.0.0.tgz",
      "integrity": "sha512-1pqUqRjkhPJ9miNq9SwMfdvi6lBJcd6eFxvfaivQhaH3SgisfiuudvFntdKOmxuee/77l+FPjKrQjWvmPjWrRw==",
      "dependencies": {
        "number-is-nan": "^1.0.0"
      },
      "engines": {
        "node": ">=0.10.0"
      }
    },
    "node_modules/lcid": {
      "version": "1.0.0",
      "resolved": "https://registry.npmjs.org/lcid/-/lcid-1.0.0.tgz",
      "integrity": "sha512-YiGkH6EnGrDGqLMITnGjXtGmNtjoXw9SVUzcaos8RBi7Ps0VBylkq+vOcY9QE5poLasPCR849ucFUkl0UzUyOw==",
      "dependencies": {
        "invert-kv": "^1.0.0"
      },
      "engines": {
        "node": ">=0.10.0"
      }
    },
    "node_modules/leanft": {
      "version": "14.3.396",
      "resolved": "https://registry.npmjs.org/leanft/-/leanft-14.3.396.tgz",
      "integrity": "sha512-OT7aY/jFqRLa1eHkAtfuieN6DuHkA2qzCQaw1e4Z7C8iuO8EnYZguWy8QkQjEmWxzKFT+yJVoJzS/KlWRySPMw==",
      "dependencies": {
        "expectations": "0.6.0",
        "leanft.report": "14.03.x",
        "leanft.report.builder": "14.03.x",
        "leanft.sdk.apitesting.uft": "14.03.x",
        "leanft.sdk.core": "14.03.x",
        "leanft.sdk.insight": "14.03.x",
        "leanft.sdk.java": "14.03.x",
        "leanft.sdk.mobile": "14.03.x",
        "leanft.sdk.sapgui": "14.03.x",
        "leanft.sdk.sapui5": "14.03.x",
        "leanft.sdk.stdwin": "14.03.x",
        "leanft.sdk.te": "14.03.x",
        "leanft.sdk.web": "14.03.x",
        "leanft.sdk.winforms": "14.03.x",
        "leanft.sdk.wpf": "14.03.x",
        "nconf": "0.8.4",
        "q": "1.4.1"
      }
    },
    "node_modules/leanft.report": {
      "version": "14.3.396",
      "resolved": "https://registry.npmjs.org/leanft.report/-/leanft.report-14.3.396.tgz",
      "integrity": "sha512-or5dMvz4UKyuSga7ZAwG5/+MUjz8UXIPthq8ULE4PNRTeWzyU61UFhNKs5ZFDyv2OeMnmqUJj82xdJKBlh2MSg==",
      "dependencies": {
        "adm-zip": "0.4.7",
        "leanft.report.builder": "14.03.x",
        "leanft.sdk.core": "14.03.x",
        "nconf": "0.8.2",
        "uuid": "3.1.0"
      }
    },
    "node_modules/leanft.report.builder": {
      "version": "14.3.396",
      "resolved": "https://registry.npmjs.org/leanft.report.builder/-/leanft.report.builder-14.3.396.tgz",
      "integrity": "sha512-juNrLzHcY0KTjul63fsRM1zdTGwEzeGQmUzH9O6NV8LEBffGYKgTt2JnVfOjZek3w2OmesKYJeI3ShdAH3Wisw==",
      "dependencies": {
        "xml2js": "^0.4.15"
      }
    },
    "node_modules/leanft.report/node_modules/nconf": {
      "version": "0.8.2",
      "resolved": "https://registry.npmjs.org/nconf/-/nconf-0.8.2.tgz",
      "integrity": "sha512-khxRY6JA8GsEODIyiyMogXYy9vSen2ApYTRmPZAk0Xsc0QiafrJgVuOVWGgTNH8IPe7uFkE3HatGIYOfu6j7/A==",
      "dependencies": {
        "async": "^1.4.0",
        "ini": "^1.3.0",
        "yargs": "^3.19.0"
      },
      "engines": {
        "node": ">= 0.4.0"
      }
    },
    "node_modules/leanft.sdk.apitesting.uft": {
      "version": "14.3.396",
      "resolved": "https://registry.npmjs.org/leanft.sdk.apitesting.uft/-/leanft.sdk.apitesting.uft-14.3.396.tgz",
      "integrity": "sha512-kqjLKHuxqDcsPAkNbiZgUduLaAyj3YdXj3FifPUztjo290fyxmR2pEau4q+OzjzMQgtqVBL9oupptnv/9DvF0Q==",
      "dependencies": {
        "leanft.sdk.core": "14.03.x"
      }
    },
    "node_modules/leanft.sdk.core": {
      "version": "14.3.396",
      "resolved": "https://registry.npmjs.org/leanft.sdk.core/-/leanft.sdk.core-14.3.396.tgz",
      "integrity": "sha512-uvAjALZEZF8SQ3kS3O4xmNoQVnP3R71z43c53wyJ3L8BTVBNRscRPTiAz2EXKKtk1Q25kAiHDLnEza05Z9Es9g==",
      "dependencies": {
        "q": "1.4.1",
        "ws": "1.1.1"
      }
    },
    "node_modules/leanft.sdk.insight": {
      "version": "14.3.396",
      "resolved": "https://registry.npmjs.org/leanft.sdk.insight/-/leanft.sdk.insight-14.3.396.tgz",
      "integrity": "sha512-pMkF52pd+VPFrwQyRxZYng+wKjDBQ6RyJ/v/gL2AxSgJAG6OwEFencjj3sdpZOnwMpDTZJeLd02IfxKnXLvS9w==",
      "dependencies": {
        "leanft.sdk.core": "14.03.x"
      }
    },
    "node_modules/leanft.sdk.java": {
      "version": "14.3.396",
      "resolved": "https://registry.npmjs.org/leanft.sdk.java/-/leanft.sdk.java-14.3.396.tgz",
      "integrity": "sha512-hjaFL9ECHyUxZs/q+FVOUfEbMCRUyjCnZnzsWNGetaEv6pv/9rD9yn7hWKO9SI17PQ/70oPR/jomSymBBB2n3g==",
      "dependencies": {
        "leanft.sdk.core": "14.03.x"
      }
    },
    "node_modules/leanft.sdk.mobile": {
      "version": "14.3.396",
      "resolved": "https://registry.npmjs.org/leanft.sdk.mobile/-/leanft.sdk.mobile-14.3.396.tgz",
      "integrity": "sha512-8i2yKomCR3GaxoIHO0s22PcmskYjbziMuwXsOpRjf5KY36MbXNEept0K7WrKy1OqKoPk3fTYFiA0RhhM0q1Txw==",
      "dependencies": {
        "leanft.sdk.core": "14.03.x"
      }
    },
    "node_modules/leanft.sdk.sapgui": {
      "version": "14.3.396",
      "resolved": "https://registry.npmjs.org/leanft.sdk.sapgui/-/leanft.sdk.sapgui-14.3.396.tgz",
      "integrity": "sha512-ZJZhc/5uBCyLj82dmJOQJwj9lvLHxD/wd5j1T55vsals9Jv85AEvY9JvTbz6D/A0kyXGB42b8NlsnQP3/5Fxag==",
      "dependencies": {
        "leanft.sdk.core": "14.03.x"
      }
    },
    "node_modules/leanft.sdk.sapui5": {
      "version": "14.3.396",
      "resolved": "https://registry.npmjs.org/leanft.sdk.sapui5/-/leanft.sdk.sapui5-14.3.396.tgz",
      "integrity": "sha512-uSzdj5IJRl+pYseFpYT0/XqTZ681s+qeLZqZsuDZPKHcQI0FJWdjFVEIpECj2Tj2t2LCnOiyL1vqCEpBxf4NLg==",
      "dependencies": {
        "leanft.sdk.core": "14.03.x",
        "leanft.sdk.web": "14.03.x"
      }
    },
    "node_modules/leanft.sdk.stdwin": {
      "version": "14.3.396",
      "resolved": "https://registry.npmjs.org/leanft.sdk.stdwin/-/leanft.sdk.stdwin-14.3.396.tgz",
      "integrity": "sha512-wvQV3msdVPYgokXotiPG76eRlxuEOErzH00op174DPgQnSbc5iOAqEC23Ikkqkvwq/8Bx/iSKjXjwtq2LdLAfg==",
      "dependencies": {
        "leanft.sdk.core": "14.03.x"
      }
    },
    "node_modules/leanft.sdk.te": {
      "version": "14.3.396",
      "resolved": "https://registry.npmjs.org/leanft.sdk.te/-/leanft.sdk.te-14.3.396.tgz",
      "integrity": "sha512-MA/tcNhEfFpg7UMSbRfXejfE6dSZ3rBrmeChB8WUDE3X+F+Vcuax9HA//hsljWzblGtJZkvUWXoTclZ/2HFV/A==",
      "dependencies": {
        "leanft.sdk.core": "14.03.x"
      }
    },
    "node_modules/leanft.sdk.web": {
      "version": "14.3.396",
      "resolved": "https://registry.npmjs.org/leanft.sdk.web/-/leanft.sdk.web-14.3.396.tgz",
      "integrity": "sha512-sJFWtnZYKaRaAZzI1KCro613zkhGd7DOy2a3t6wBDekADb35Vzl0M7jfYJTR7qcF5kDXyhFtkCm9BsjROrTWqA==",
      "dependencies": {
        "leanft.sdk.core": "14.03.x",
        "q": "1.4.1"
      }
    },
    "node_modules/leanft.sdk.winforms": {
      "version": "14.3.396",
      "resolved": "https://registry.npmjs.org/leanft.sdk.winforms/-/leanft.sdk.winforms-14.3.396.tgz",
      "integrity": "sha512-ugDrSUmS/i6Vu9EaYUAp7O7YvyF8rX/oliW3qlQDIqDjyq9AFYh+bt5JuyqFmrklp6ATNDB95ki8hot/HWWw1A==",
      "dependencies": {
        "leanft.sdk.core": "14.03.x"
      }
    },
    "node_modules/leanft.sdk.wpf": {
      "version": "14.3.396",
      "resolved": "https://registry.npmjs.org/leanft.sdk.wpf/-/leanft.sdk.wpf-14.3.396.tgz",
      "integrity": "sha512-sdFuOCA7b/QGkssOdzDZLZw4ZCferru0bscB2LJoxS0JNU16d3JQ88jFT0zc2wXjqAjsYyOv6oAaohf7i8oCLQ==",
      "dependencies": {
        "leanft.sdk.core": "14.03.x"
      }
    },
    "node_modules/nconf": {
      "version": "0.8.4",
      "resolved": "https://registry.npmjs.org/nconf/-/nconf-0.8.4.tgz",
      "integrity": "sha512-2D8NE7xaGMALsMqbrJAEYrAgQrfY2QlzdBi99OsVdQcB+luN0PYu8vihWmWQ8wRPXJSiWwKN54XhYR+9ylk09w==",
      "dependencies": {
        "async": "^1.4.0",
        "ini": "^1.3.0",
        "secure-keys": "^1.0.0",
        "yargs": "^3.19.0"
      },
      "engines": {
        "node": ">= 0.4.0"
      }
    },
    "node_modules/number-is-nan": {
      "version": "1.0.1",
      "resolved": "https://registry.npmjs.org/number-is-nan/-/number-is-nan-1.0.1.tgz",
      "integrity": "sha512-4jbtZXNAsfZbAHiiqjLPBiCl16dES1zI4Hpzzxw61Tk+loF+sBDBKx1ICKKKwIqQ7M0mFn1TmkN7euSncWgHiQ==",
      "engines": {
        "node": ">=0.10.0"
      }
    },
    "node_modules/options": {
      "version": "0.0.6",
      "resolved": "https://registry.npmjs.org/options/-/options-0.0.6.tgz",
      "integrity": "sha512-bOj3L1ypm++N+n7CEbbe473A414AB7z+amKYshRb//iuL3MpdDCLhPnw6aVTdKB9g5ZRVHIEp8eUln6L2NUStg==",
      "engines": {
        "node": ">=0.4.0"
      }
    },
    "node_modules/os-locale": {
      "version": "1.4.0",
      "resolved": "https://registry.npmjs.org/os-locale/-/os-locale-1.4.0.tgz",
      "integrity": "sha512-PRT7ZORmwu2MEFt4/fv3Q+mEfN4zetKxufQrkShY2oGvUms9r8otu5HfdyIFHkYXjO7laNsoVGmM2MANfuTA8g==",
      "dependencies": {
        "lcid": "^1.0.0"
      },
      "engines": {
        "node": ">=0.10.0"
      }
    },
    "node_modules/path-expression-matcher": {
      "version": "1.5.0",
      "resolved": "https://registry.npmjs.org/path-expression-matcher/-/path-expression-matcher-1.5.0.tgz",
      "integrity": "sha512-cbrerZV+6rvdQrrD+iGMcZFEiiSrbv9Tfdkvnusy6y0x0GKBXREFg/Y65GhIfm0tnLntThhzCnfKwp1WRjeCyQ==",
      "funding": [
        {
          "type": "github",
          "url": "https://github.com/sponsors/NaturalIntelligence"
        }
      ],
      "engines": {
        "node": ">=14.0.0"
      }
    },
    "node_modules/q": {
      "version": "1.4.1",
      "resolved": "https://registry.npmjs.org/q/-/q-1.4.1.tgz",
      "integrity": "sha512-/CdEdaw49VZVmyIDGUQKDDT53c7qBkO6g5CefWz91Ae+l4+cRtcDYwMTXh6me4O8TMldeGHG3N2Bl84V78Ywbg==",
      "deprecated": "You or someone you depend on is using Q, the JavaScript Promise library that gave JavaScript developers strong feelings about promises. They can almost certainly migrate to the native JavaScript promise now. Thank you literally everyone for joining me in this bet against the odds. Be excellent to each other.\n\n(For a CapTP with native promises, see @endo/eventual-send and @endo/captp)",
      "engines": {
        "node": ">=0.6.0",
        "teleport": ">=0.2.0"
      }
    },
    "node_modules/sax": {
      "version": "1.6.0",
      "resolved": "https://registry.npmjs.org/sax/-/sax-1.6.0.tgz",
      "integrity": "sha512-6R3J5M4AcbtLUdZmRv2SygeVaM7IhrLXu9BmnOGmmACak8fiUtOsYNWUS4uK7upbmHIBbLBeFeI//477BKLBzA==",
      "engines": {
        "node": ">=11.0.0"
      }
    },
    "node_modules/secure-keys": {
      "version": "1.0.0",
      "resolved": "https://registry.npmjs.org/secure-keys/-/secure-keys-1.0.0.tgz",
      "integrity": "sha512-nZi59hW3Sl5P3+wOO89eHBAAGwmCPd2aE1+dLZV5MO+ItQctIvAqihzaAXIQhvtH4KJPxM080HsnqltR2y8cWg=="
    },
    "node_modules/ssf": {
      "version": "0.11.2",
      "resolved": "https://registry.npmjs.org/ssf/-/ssf-0.11.2.tgz",
      "integrity": "sha512-+idbmIXoYET47hH+d7dfm2epdOMUDjqcB4648sTZ+t2JwoyBFL/insLfB/racrDmsKB3diwsDA696pZMieAC5g==",
      "dependencies": {
        "frac": "~1.1.2"
      },
      "engines": {
        "node": ">=0.8"
      }
    },
    "node_modules/string-width": {
      "version": "1.0.2",
      "resolved": "https://registry.npmjs.org/string-width/-/string-width-1.0.2.tgz",
      "integrity": "sha512-0XsVpQLnVCXHJfyEs8tC0zpTVIr5PKKsQtkT29IwupnPTjtPmQ3xT/4yCREF9hYkV/3M3kzcUTSAZT6a6h81tw==",
      "dependencies": {
        "code-point-at": "^1.0.0",
        "is-fullwidth-code-point": "^1.0.0",
        "strip-ansi": "^3.0.0"
      },
      "engines": {
        "node": ">=0.10.0"
      }
    },
    "node_modules/strip-ansi": {
      "version": "3.0.1",
      "resolved": "https://registry.npmjs.org/strip-ansi/-/strip-ansi-3.0.1.tgz",
      "integrity": "sha512-VhumSSbBqDTP8p2ZLKj40UjBCV4+v8bUSEpUb4KjRgWk9pbqGF4REFj6KEagidb2f/M6AzC0EmFyDNGaw9OCzg==",
      "dependencies": {
        "ansi-regex": "^2.0.0"
      },
      "engines": {
        "node": ">=0.10.0"
      }
    },
    "node_modules/strnum": {
      "version": "2.3.0",
      "resolved": "https://registry.npmjs.org/strnum/-/strnum-2.3.0.tgz",
      "integrity": "sha512-ums3KNd42PGyx5xaoVTO1mjU1bH3NpY4vsrVlnv9PNGqQj8wd7rJ6nEypLrJ7z5vxK5RP0yMLo6J/Gsm62DI5Q==",
      "funding": [
        {
          "type": "github",
          "url": "https://github.com/sponsors/NaturalIntelligence"
        }
      ]
    },
    "node_modules/ultron": {
      "version": "1.0.2",
      "resolved": "https://registry.npmjs.org/ultron/-/ultron-1.0.2.tgz",
      "integrity": "sha512-QMpnpVtYaWEeY+MwKDN/UdKlE/LsFZXM5lO1u7GaZzNgmIbGixHEmVMIKT+vqYOALu3m5GYQy9kz4Xu4IVn7Ow=="
    },
    "node_modules/uuid": {
      "version": "3.1.0",
      "resolved": "https://registry.npmjs.org/uuid/-/uuid-3.1.0.tgz",
      "integrity": "sha512-DIWtzUkw04M4k3bf1IcpS2tngXEL26YUD2M0tMDUpnUrz2hgzUBlD55a4FjdLGPvfHxS6uluGWvaVEqgBcVa+g==",
      "deprecated": "uuid@10 and below is no longer supported.  For ESM codebases, update to uuid@latest.  For CommonJS codebases, use uuid@11 (but be aware this version will likely be deprecated in 2028).",
      "bin": {
        "uuid": "bin/uuid"
      }
    },
    "node_modules/window-size": {
      "version": "0.1.4",
      "resolved": "https://registry.npmjs.org/window-size/-/window-size-0.1.4.tgz",
      "integrity": "sha512-2thx4pB0cV3h+Bw7QmMXcEbdmOzv9t0HFplJH/Lz6yu60hXYy5RT8rUu+wlIreVxWsGN20mo+MHeCSfUpQBwPw==",
      "bin": {
        "window-size": "cli.js"
      },
      "engines": {
        "node": ">= 0.10.0"
      }
    },
    "node_modules/wmf": {
      "version": "1.0.2",
      "resolved": "https://registry.npmjs.org/wmf/-/wmf-1.0.2.tgz",
      "integrity": "sha512-/p9K7bEh0Dj6WbXg4JG0xvLQmIadrner1bi45VMJTfnbVHsc7yIajZyoSoK60/dtVBs12Fm6WkUI5/3WAVsNMw==",
      "engines": {
        "node": ">=0.8"
      }
    },
    "node_modules/word": {
      "version": "0.3.0",
      "resolved": "https://registry.npmjs.org/word/-/word-0.3.0.tgz",
      "integrity": "sha512-OELeY0Q61OXpdUfTp+oweA/vtLVg5VDOXh+3he3PNzLGG/y0oylSOC1xRVj0+l4vQ3tj/bB1HVHv1ocXkQceFA==",
      "engines": {
        "node": ">=0.8"
      }
    },
    "node_modules/wrap-ansi": {
      "version": "2.1.0",
      "resolved": "https://registry.npmjs.org/wrap-ansi/-/wrap-ansi-2.1.0.tgz",
      "integrity": "sha512-vAaEaDM946gbNpH5pLVNR+vX2ht6n0Bt3GXwVB1AuAqZosOvHNF3P7wDnh8KLkSqgUh0uh77le7Owgoz+Z9XBw==",
      "dependencies": {
        "string-width": "^1.0.1",
        "strip-ansi": "^3.0.1"
      },
      "engines": {
        "node": ">=0.10.0"
      }
    },
    "node_modules/ws": {
      "version": "1.1.1",
      "resolved": "https://registry.npmjs.org/ws/-/ws-1.1.1.tgz",
      "integrity": "sha512-TRtCup+Fxoy1sW9funE4kPxA0KfaMc7g68DoKN+Uu9Ej+zr9We3DWVJ2XgiGtXlibqA7IWOV+Xe6xlUxPputfg==",
      "dependencies": {
        "options": ">=0.0.5",
        "ultron": "1.0.x"
      }
    },
    "node_modules/xlsx": {
      "version": "0.18.5",
      "resolved": "https://registry.npmjs.org/xlsx/-/xlsx-0.18.5.tgz",
      "integrity": "sha512-dmg3LCjBPHZnQp5/F/+nnTa+miPJxUXB6vtk42YjBBKayDNagxGEeIdWApkYPOf3Z3pm3k62Knjzp7lMeTEtFQ==",
      "dependencies": {
        "adler-32": "~1.3.0",
        "cfb": "~1.2.1",
        "codepage": "~1.15.0",
        "crc-32": "~1.2.1",
        "ssf": "~0.11.2",
        "wmf": "~1.0.1",
        "word": "~0.3.0"
      },
      "bin": {
        "xlsx": "bin/xlsx.njs"
      },
      "engines": {
        "node": ">=0.8"
      }
    },
    "node_modules/xml-naming": {
      "version": "0.1.0",
      "resolved": "https://registry.npmjs.org/xml-naming/-/xml-naming-0.1.0.tgz",
      "integrity": "sha512-k8KO9hrMyNk6tUWqUfkTEZbezRRpONVOzUTnc97VnCvyj6Tf9lyUR9EDAIeiVLv56jsMcoXEwjW8Kv5yPY52lw==",
      "funding": [
        {
          "type": "github",
          "url": "https://github.com/sponsors/NaturalIntelligence"
        }
      ],
      "engines": {
        "node": ">=16.0.0"
      }
    },
    "node_modules/xml2js": {
      "version": "0.4.23",
      "resolved": "https://registry.npmjs.org/xml2js/-/xml2js-0.4.23.tgz",
      "integrity": "sha512-ySPiMjM0+pLDftHgXY4By0uswI3SPKLDw/i3UXbnO8M/p28zqexCUoPmQFrYD+/1BzhGJSs2i1ERWKJAtiLrug==",
      "dependencies": {
        "sax": ">=0.6.0",
        "xmlbuilder": "~11.0.0"
      },
      "engines": {
        "node": ">=4.0.0"
      }
    },
    "node_modules/xmlbuilder": {
      "version": "11.0.1",
      "resolved": "https://registry.npmjs.org/xmlbuilder/-/xmlbuilder-11.0.1.tgz",
      "integrity": "sha512-fDlsI/kFEx7gLvbecc0/ohLG50fugQp8ryHzMTuW9vSa1GJ0XYWKnhsUx7oie3G98+r56aTQIUB4kht42R3JvA==",
      "engines": {
        "node": ">=4.0"
      }
    },
    "node_modules/y18n": {
      "version": "3.2.2",
      "resolved": "https://registry.npmjs.org/y18n/-/y18n-3.2.2.tgz",
      "integrity": "sha512-uGZHXkHnhF0XeeAPgnKfPv1bgKAYyVvmNL1xlKsPYZPaIHxGti2hHqvOCQv71XMsLxu1QjergkqogUnms5D3YQ=="
    },
    "node_modules/yargs": {
      "version": "3.32.0",
      "resolved": "https://registry.npmjs.org/yargs/-/yargs-3.32.0.tgz",
      "integrity": "sha512-ONJZiimStfZzhKamYvR/xvmgW3uEkAUFSP91y2caTEPhzF6uP2JfPiVZcq66b/YR0C3uitxSV7+T1x8p5bkmMg==",
      "dependencies": {
        "camelcase": "^2.0.1",
        "cliui": "^3.0.3",
        "decamelize": "^1.1.1",
        "os-locale": "^1.4.0",
        "string-width": "^1.0.1",
        "window-size": "^0.1.4",
        "y18n": "^3.2.0"
      }
    }
  }
}
